{
  "version": 4,
  "terraform_version": "1.6.6",
  "serial": 80,
  "lineage": "a3e39aa3-be4e-2efa-e565-42e7894d8d25",
  "outputs": {},
  "resources": [
    {
      "mode": "managed",
      "type": "google_app_engine_standard_app_version",
      "name": "backend",
      "provider": "provider[\"registry.terraform.io/hashicorp/google\"]",
      "instances": [
        {
          "schema_version": 0,
          "attributes": {
            "app_engine_apis": false,
            "automatic_scaling": [],
            "basic_scaling": [],
            "delete_service_on_destroy": false,
            "deployment": [
              {
                "files": [],
                "zip": [
                  {
                    "files_count": 0,
                    "source_url": "https://storage.googleapis.com/flashcard-learning-app-source-bucket/backend.zip"
                  }
                ]
              }
            ],
            "entrypoint": [
              {
                "shell": "cd backend \u0026\u0026 npm start"
              }
            ],
            "env_variables": null,
            "handlers": [
              {
                "auth_fail_action": "AUTH_FAIL_ACTION_REDIRECT",
                "login": "LOGIN_OPTIONAL",
                "redirect_http_response_code": "",
                "script": [
                  {
                    "script_path": "auto"
                  }
                ],
                "security_level": "SECURE_OPTIONAL",
                "static_files": [],
                "url_regex": ".*"
              }
            ],
            "id": "apps/flashcards-learning-app/services/backend/versions/backend-20240123014236",
            "inbound_services": [
              "INBOUND_SERVICE_WARMUP"
            ],
            "instance_class": "F1",
            "libraries": [],
            "manual_scaling": [],
            "name": "apps/flashcards-learning-app/services/backend/versions/backend-20240123014236",
            "noop_on_destroy": false,
            "project": "flashcards-learning-app",
            "runtime": "nodejs20",
            "runtime_api_version": "",
            "service": "backend",
            "service_account": "flashcards-learning-app@appspot.gserviceaccount.com",
            "threadsafe": null,
            "timeouts": null,
            "version_id": "backend-20240123014236",
            "vpc_access_connector": []
          },
          "sensitive_attributes": [],
          "private": "eyJlMmJmYjczMC1lY2FhLTExZTYtOGY4OC0zNDM2M2JjN2M0YzAiOnsiY3JlYXRlIjoxMjAwMDAwMDAwMDAwLCJkZWxldGUiOjEyMDAwMDAwMDAwMDAsInVwZGF0ZSI6MTIwMDAwMDAwMDAwMH19",
          "create_before_destroy": true
        }
      ]
    },
    {
      "mode": "managed",
      "type": "google_app_engine_standard_app_version",
      "name": "frontend",
      "provider": "provider[\"registry.terraform.io/hashicorp/google\"]",
      "instances": [
        {
          "schema_version": 0,
          "attributes": {
            "app_engine_apis": false,
            "automatic_scaling": [],
            "basic_scaling": [],
            "delete_service_on_destroy": false,
            "deployment": [
              {
                "files": [],
                "zip": [
                  {
                    "files_count": 0,
                    "source_url": "https://storage.googleapis.com/flashcard-learning-app-source-bucket/frontend.zip"
                  }
                ]
              }
            ],
            "entrypoint": [
              {
                "shell": "cd frontend \u0026\u0026 npm start"
              }
            ],
            "env_variables": null,
            "handlers": [
              {
                "auth_fail_action": "AUTH_FAIL_ACTION_REDIRECT",
                "login": "LOGIN_OPTIONAL",
                "redirect_http_response_code": "",
                "script": [
                  {
                    "script_path": "auto"
                  }
                ],
                "security_level": "SECURE_OPTIONAL",
                "static_files": [],
                "url_regex": ".*"
              }
            ],
            "id": "apps/flashcards-learning-app/services/default/versions/frontend-20240123014236",
            "inbound_services": [
              "INBOUND_SERVICE_WARMUP"
            ],
            "instance_class": "F1",
            "libraries": [],
            "manual_scaling": [],
            "name": "apps/flashcards-learning-app/services/default/versions/frontend-20240123014236",
            "noop_on_destroy": false,
            "project": "flashcards-learning-app",
            "runtime": "nodejs20",
            "runtime_api_version": "",
            "service": "default",
            "service_account": "flashcards-learning-app@appspot.gserviceaccount.com",
            "threadsafe": null,
            "timeouts": null,
            "version_id": "frontend-20240123014236",
            "vpc_access_connector": []
          },
          "sensitive_attributes": [],
          "private": "eyJlMmJmYjczMC1lY2FhLTExZTYtOGY4OC0zNDM2M2JjN2M0YzAiOnsiY3JlYXRlIjoxMjAwMDAwMDAwMDAwLCJkZWxldGUiOjEyMDAwMDAwMDAwMDAsInVwZGF0ZSI6MTIwMDAwMDAwMDAwMH19",
          "create_before_destroy": true
        }
      ]
    },
    {
      "mode": "managed",
      "type": "google_project_service",
      "name": "app_engine_api",
      "provider": "provider[\"registry.terraform.io/hashicorp/google\"]",
      "instances": [
        {
          "schema_version": 0,
          "attributes": {
            "disable_dependent_services": null,
            "disable_on_destroy": false,
            "id": "flashcards-learning-app/appengine.googleapis.com",
            "project": "flashcards-learning-app",
            "service": "appengine.googleapis.com",
            "timeouts": null
          },
          "sensitive_attributes": [],
          "private": "eyJlMmJmYjczMC1lY2FhLTExZTYtOGY4OC0zNDM2M2JjN2M0YzAiOnsiY3JlYXRlIjoxMjAwMDAwMDAwMDAwLCJkZWxldGUiOjEyMDAwMDAwMDAwMDAsInJlYWQiOjYwMDAwMDAwMDAwMCwidXBkYXRlIjoxMjAwMDAwMDAwMDAwfX0="
        }
      ]
    },
    {
      "mode": "managed",
      "type": "google_project_service",
      "name": "crm_api",
      "provider": "provider[\"registry.terraform.io/hashicorp/google\"]",
      "instances": [
        {
          "schema_version": 0,
          "attributes": {
            "disable_dependent_services": null,
            "disable_on_destroy": false,
            "id": "flashcards-learning-app/cloudresourcemanager.googleapis.com",
            "project": "flashcards-learning-app",
            "service": "cloudresourcemanager.googleapis.com",
            "timeouts": null
          },
          "sensitive_attributes": [],
          "private": "eyJlMmJmYjczMC1lY2FhLTExZTYtOGY4OC0zNDM2M2JjN2M0YzAiOnsiY3JlYXRlIjoxMjAwMDAwMDAwMDAwLCJkZWxldGUiOjEyMDAwMDAwMDAwMDAsInJlYWQiOjYwMDAwMDAwMDAwMCwidXBkYXRlIjoxMjAwMDAwMDAwMDAwfX0="
        }
      ]
    },
    {
      "mode": "managed",
      "type": "google_storage_bucket",
      "name": "terraform_state",
      "provider": "provider[\"registry.terraform.io/hashicorp/google\"]",
      "instances": [
        {
          "schema_version": 1,
          "attributes": {
            "autoclass": [],
            "cors": [],
            "custom_placement_config": [],
            "default_event_based_hold": false,
            "effective_labels": {},
            "enable_object_retention": false,
            "encryption": [],
            "force_destroy": false,
            "id": "flashcard_learning_app_bucket_terraform",
            "labels": {},
            "lifecycle_rule": [],
            "location": "EUROPE-CENTRAL2",
            "logging": [],
            "name": "flashcard_learning_app_bucket_terraform",
            "project": "flashcards-learning-app",
            "public_access_prevention": "inherited",
            "requester_pays": false,
            "retention_policy": [],
            "rpo": null,
            "self_link": "https://www.googleapis.com/storage/v1/b/flashcard_learning_app_bucket_terraform",
            "storage_class": "STANDARD",
            "terraform_labels": {},
            "timeouts": null,
            "uniform_bucket_level_access": false,
            "url": "gs://flashcard_learning_app_bucket_terraform",
            "versioning": [],
            "website": []
          },
          "sensitive_attributes": [],
          "private": "eyJlMmJmYjczMC1lY2FhLTExZTYtOGY4OC0zNDM2M2JjN2M0YzAiOnsiY3JlYXRlIjo2MDAwMDAwMDAwMDAsInJlYWQiOjI0MDAwMDAwMDAwMCwidXBkYXRlIjoyNDAwMDAwMDAwMDB9LCJzY2hlbWFfdmVyc2lvbiI6IjEifQ=="
        }
      ]
    }
  ],
  "check_results": null
}
